<?xml version="1.0" encoding="UTF-8"?>
<Scheme
   LastUpgradeVersion = "1010"
   version = "1.3">
   <BuildAction
      parallelizeBuildables = "YES"
      buildImplicitDependencies = "YES">
      <BuildActionEntries>
         <BuildActionEntry
            buildForTesting = "YES"
            buildForRunning = "YES"
            buildForProfiling = "YES"
            buildForArchiving = "YES"
            buildForAnalyzing = "YES">
            <BuildableReference
               BuildableIdentifier = "primary"
               BlueprintIdentifier = "DDBFC1371CC7163D58B9DB85"
               BuildableName = "App.app"
               BlueprintName = "App"
               ReferencedContainer = "container:Atlas.xcodeproj">
            </BuildableReference>
         </BuildActionEntry>
         <BuildActionEntry
            buildForTesting = "YES"
            buildForRunning = "YES"
            buildForProfiling = "YES"
            buildForArchiving = "YES"
            buildForAnalyzing = "YES">
            <BuildableReference
               BuildableIdentifier = "primary"
               BlueprintIdentifier = "D80C475D54FE532C83DF1FC6"
               BuildableName = "CSystem.framework"
               BlueprintName = "CSystem"
               ReferencedContainer = "container:Tuist/.build/tuist-derived/swift-system/swift-system.xcodeproj">
            </BuildableReference>
         </BuildActionEntry>
         <BuildActionEntry
            buildForTesting = "YES"
            buildForRunning = "YES"
            buildForProfiling = "YES"
            buildForArchiving = "YES"
            buildForAnalyzing = "YES">
            <BuildableReference
               BuildableIdentifier = "primary"
               BlueprintIdentifier = "15BE2F8A01597C839FFC782A"
               BuildableName = "Core.framework"
               BlueprintName = "Core"
               ReferencedContainer = "container:Atlas.xcodeproj">
            </BuildableReference>
         </BuildActionEntry>
         <BuildActionEntry
            buildForTesting = "YES"
            buildForRunning = "YES"
            buildForProfiling = "YES"
            buildForArchiving = "YES"
            buildForAnalyzing = "YES">
            <BuildableReference
               BuildableIdentifier = "primary"
               BlueprintIdentifier = "A66E47C23670B5FA0DA67D37"
               BuildableName = "CoreTests.xctest"
               BlueprintName = "CoreTests"
               ReferencedContainer = "container:Atlas.xcodeproj">
            </BuildableReference>
         </BuildActionEntry>
         <BuildActionEntry
            buildForTesting = "YES"
            buildForRunning = "YES"
            buildForProfiling = "YES"
            buildForArchiving = "YES"
            buildForAnalyzing = "YES">
            <BuildableReference
               BuildableIdentifier = "primary"
               BlueprintIdentifier = "A25D46667D0F5036CBD21393"
               BuildableName = "Diagnostics.framework"
               BlueprintName = "Diagnostics"
               ReferencedContainer = "container:Atlas.xcodeproj">
            </BuildableReference>
         </BuildActionEntry>
         <BuildActionEntry
            buildForTesting = "YES"
            buildForRunning = "YES"
            buildForProfiling = "YES"
            buildForArchiving = "YES"
            buildForAnalyzing = "YES">
            <BuildableReference
               BuildableIdentifier = "primary"
               BlueprintIdentifier = "7A844023E7D9F132F629D75A"
               BuildableName = "DiagnosticsTests.xctest"
               BlueprintName = "DiagnosticsTests"
               ReferencedContainer = "container:Atlas.xcodeproj">
            </BuildableReference>
         </BuildActionEntry>
         <BuildActionEntry
            buildForTesting = "YES"
            buildForRunning = "YES"
            buildForProfiling = "YES"
            buildForArchiving = "YES"
            buildForAnalyzing = "YES">
            <BuildableReference
               BuildableIdentifier = "primary"
               BlueprintIdentifier = "3542F8A121A6A11C8E94D053"
               BuildableName = "Downloads.framework"
               BlueprintName = "Downloads"
               ReferencedContainer = "container:Atlas.xcodeproj">
            </BuildableReference>
         </BuildActionEntry>
         <BuildActionEntry
            buildForTesting = "YES"
            buildForRunning = "YES"
            buildForProfiling = "YES"
            buildForArchiving = "YES"
            buildForAnalyzing = "YES">
            <BuildableReference
               BuildableIdentifier = "primary"
               BlueprintIdentifier = "A205DFE32FDEC1F8CA73D11A"
               BuildableName = "DownloadsTests.xctest"
               BlueprintName = "DownloadsTests"
               ReferencedContainer = "container:Atlas.xcodeproj">
            </BuildableReference>
         </BuildActionEntry>
         <BuildActionEntry
            buildForTesting = "YES"
            buildForRunning = "YES"
            buildForProfiling = "YES"
            buildForArchiving = "YES"
            buildForAnalyzing = "YES">
            <BuildableReference
               BuildableIdentifier = "primary"
               BlueprintIdentifier = "6FCF375A3A5D6E1353093E44"
               BuildableName = "Library.framework"
               BlueprintName = "Library"
               ReferencedContainer = "container:Atlas.xcodeproj">
            </BuildableReference>
         </BuildActionEntry>
         <BuildActionEntry
            buildForTesting = "YES"
            buildForRunning = "YES"
            buildForProfiling = "YES"
            buildForArchiving = "YES"
            buildForAnalyzing = "YES">
            <BuildableReference
               BuildableIdentifier = "primary"
               BlueprintIdentifier = "408B61E55B553B2CE85279B9"
               BuildableName = "LibraryTests.xctest"
               BlueprintName = "LibraryTests"
               ReferencedContainer = "container:Atlas.xcodeproj">
            </BuildableReference>
         </BuildActionEntry>
         <BuildActionEntry
            buildForTesting = "YES"
            buildForRunning = "YES"
            buildForProfiling = "YES"
            buildForArchiving = "YES"
            buildForAnalyzing = "YES">
            <BuildableReference
               BuildableIdentifier = "primary"
               BlueprintIdentifier = "3F633D9D728DCDD5E51C65DB"
               BuildableName = "MessagePack.framework"
               BlueprintName = "MessagePack"
               ReferencedContainer = "container:Tuist/.build/tuist-derived/MessagePack/MessagePack.xcodeproj">
            </BuildableReference>
         </BuildActionEntry>
         <BuildActionEntry
            buildForTesting = "YES"
            buildForRunning = "YES"
            buildForProfiling = "YES"
            buildForArchiving = "YES"
            buildForAnalyzing = "YES">
            <BuildableReference
               BuildableIdentifier = "primary"
               BlueprintIdentifier = "0E9E7063D7AE8B1DCE287BE2"
               BuildableName = "Networking.framework"
               BlueprintName = "Networking"
               ReferencedContainer = "container:Atlas.xcodeproj">
            </BuildableReference>
         </BuildActionEntry>
         <BuildActionEntry
            buildForTesting = "YES"
            buildForRunning = "YES"
            buildForProfiling = "YES"
            buildForArchiving = "YES"
            buildForAnalyzing = "YES">
            <BuildableReference
               BuildableIdentifier = "primary"
               BlueprintIdentifier = "ABC9E66A8034A25FE551C7D2"
               BuildableName = "NetworkingTests.xctest"
               BlueprintName = "NetworkingTests"
               ReferencedContainer = "container:Atlas.xcodeproj">
            </BuildableReference>
         </BuildActionEntry>
         <BuildActionEntry
            buildForTesting = "YES"
            buildForRunning = "YES"
            buildForProfiling = "YES"
            buildForArchiving = "YES"
            buildForAnalyzing = "YES">
            <BuildableReference
               BuildableIdentifier = "primary"
               BlueprintIdentifier = "86DCB4CC965A12EA0022E15B"
               BuildableName = "Persistence.framework"
               BlueprintName = "Persistence"
               ReferencedContainer = "container:Atlas.xcodeproj">
            </BuildableReference>
         </BuildActionEntry>
         <BuildActionEntry
            buildForTesting = "YES"
            buildForRunning = "YES"
            buildForProfiling = "YES"
            buildForArchiving = "YES"
            buildForAnalyzing = "YES">
            <BuildableReference
               BuildableIdentifier = "primary"
               BlueprintIdentifier = "818F49F406B5537B52434BA2"
               BuildableName = "PersistenceTests.xctest"
               BlueprintName = "PersistenceTests"
               ReferencedContainer = "container:Atlas.xcodeproj">
            </BuildableReference>
         </BuildActionEntry>
         <BuildActionEntry
            buildForTesting = "YES"
            buildForRunning = "YES"
            buildForProfiling = "YES"
            buildForArchiving = "YES"
            buildForAnalyzing = "YES">
            <BuildableReference
               BuildableIdentifier = "primary"
               BlueprintIdentifier = "A5FB404B7154846ADBE25AFB"
               BuildableName = "Reader.framework"
               BlueprintName = "Reader"
               ReferencedContainer = "container:Atlas.xcodeproj">
            </BuildableReference>
         </BuildActionEntry>
         <BuildActionEntry
            buildForTesting = "YES"
            buildForRunning = "YES"
            buildForProfiling = "YES"
            buildForArchiving = "YES"
            buildForAnalyzing = "YES">
            <BuildableReference
               BuildableIdentifier = "primary"
               BlueprintIdentifier = "0EF43807657D9463EB68A9E2"
               BuildableName = "ReaderTests.xctest"
               BlueprintName = "ReaderTests"
               ReferencedContainer = "container:Atlas.xcodeproj">
            </BuildableReference>
         </BuildActionEntry>
         <BuildActionEntry
            buildForTesting = "YES"
            buildForRunning = "YES"
            buildForProfiling = "YES"
            buildForArchiving = "YES"
            buildForAnalyzing = "YES">
            <BuildableReference
               BuildableIdentifier = "primary"
               BlueprintIdentifier = "689F0ABA3756B8B984893B64"
               BuildableName = "Settings.framework"
               BlueprintName = "Settings"
               ReferencedContainer = "container:Atlas.xcodeproj">
            </BuildableReference>
         </BuildActionEntry>
         <BuildActionEntry
            buildForTesting = "YES"
            buildForRunning = "YES"
            buildForProfiling = "YES"
            buildForArchiving = "YES"
            buildForAnalyzing = "YES">
            <BuildableReference
               BuildableIdentifier = "primary"
               BlueprintIdentifier = "271A1AF442F5F0FB118E8464"
               BuildableName = "SettingsTests.xctest"
               BlueprintName = "SettingsTests"
               ReferencedContainer = "container:Atlas.xcodeproj">
            </BuildableReference>
         </BuildActionEntry>
         <BuildActionEntry
            buildForTesting = "YES"
            buildForRunning = "YES"
            buildForProfiling = "YES"
            buildForArchiving = "YES"
            buildForAnalyzing = "YES">
            <BuildableReference
               BuildableIdentifier = "primary"
               BlueprintIdentifier = "AD3460B411ACED97F4D59975"
               BuildableName = "SourceRegistry.framework"
               BlueprintName = "SourceRegistry"
               ReferencedContainer = "container:Atlas.xcodeproj">
            </BuildableReference>
         </BuildActionEntry>
         <BuildActionEntry
            buildForTesting = "YES"
            buildForRunning = "YES"
            buildForProfiling = "YES"
            buildForArchiving = "YES"
            buildForAnalyzing = "YES">
            <BuildableReference
               BuildableIdentifier = "primary"
               BlueprintIdentifier = "E95AE671E4EA8D0F554C159D"
               BuildableName = "SourceRegistryTests.xctest"
               BlueprintName = "SourceRegistryTests"
               ReferencedContainer = "container:Atlas.xcodeproj">
            </BuildableReference>
         </BuildActionEntry>
         <BuildActionEntry
            buildForTesting = "YES"
            buildForRunning = "YES"
            buildForProfiling = "YES"
            buildForArchiving = "YES"
            buildForAnalyzing = "YES">
            <BuildableReference
               BuildableIdentifier = "primary"
               BlueprintIdentifier = "B618A6AD2A7A7112B9C191B7"
               BuildableName = "SourceRuntime.framework"
               BlueprintName = "SourceRuntime"
               ReferencedContainer = "container:Atlas.xcodeproj">
            </BuildableReference>
         </BuildActionEntry>
         <BuildActionEntry
            buildForTesting = "YES"
            buildForRunning = "YES"
            buildForProfiling = "YES"
            buildForArchiving = "YES"
            buildForAnalyzing = "YES">
            <BuildableReference
               BuildableIdentifier = "primary"
               BlueprintIdentifier = "F0BF6572B269A01F62ACF738"
               BuildableName = "SourceRuntimeTests.xctest"
               BlueprintName = "SourceRuntimeTests"
               ReferencedContainer = "container:Atlas.xcodeproj">
            </BuildableReference>
         </BuildActionEntry>
         <BuildActionEntry
            buildForTesting = "YES"
            buildForRunning = "YES"
            buildForProfiling = "YES"
            buildForArchiving = "YES"
            buildForAnalyzing = "YES">
            <BuildableReference
               BuildableIdentifier = "primary"
               BlueprintIdentifier = "8A2E640AB8054FA9FF56C28F"
               BuildableName = "Sources.framework"
               BlueprintName = "Sources"
               ReferencedContainer = "container:Atlas.xcodeproj">
            </BuildableReference>
         </BuildActionEntry>
         <BuildActionEntry
            buildForTesting = "YES"
            buildForRunning = "YES"
            buildForProfiling = "YES"
            buildForArchiving = "YES"
            buildForAnalyzing = "YES">
            <BuildableReference
               BuildableIdentifier = "primary"
               BlueprintIdentifier = "7728C4D9E6A347B23A2BB748"
               BuildableName = "SourcesTests.xctest"
               BlueprintName = "SourcesTests"
               ReferencedContainer = "container:Atlas.xcodeproj">
            </BuildableReference>
         </BuildActionEntry>
         <BuildActionEntry
            buildForTesting = "YES"
            buildForRunning = "YES"
            buildForProfiling = "YES"
            buildForArchiving = "YES"
            buildForAnalyzing = "YES">
            <BuildableReference
               BuildableIdentifier = "primary"
               BlueprintIdentifier = "063F71FF19BFD2152F3CF90A"
               BuildableName = "SystemExtras.framework"
               BlueprintName = "SystemExtras"
               ReferencedContainer = "container:Tuist/.build/tuist-derived/WasmKit/WasmKit.xcodeproj">
            </BuildableReference>
         </BuildActionEntry>
         <BuildActionEntry
            buildForTesting = "YES"
            buildForRunning = "YES"
            buildForProfiling = "YES"
            buildForArchiving = "YES"
            buildForAnalyzing = "YES">
            <BuildableReference
               BuildableIdentifier = "primary"
               BlueprintIdentifier = "5954AD233608F7945F85C223"
               BuildableName = "SystemPackage.framework"
               BlueprintName = "SystemPackage"
               ReferencedContainer = "container:Tuist/.build/tuist-derived/swift-system/swift-system.xcodeproj">
            </BuildableReference>
         </BuildActionEntry>
         <BuildActionEntry
            buildForTesting = "YES"
            buildForRunning = "YES"
            buildForProfiling = "YES"
            buildForArchiving = "YES"
            buildForAnalyzing = "YES">
            <BuildableReference
               BuildableIdentifier = "primary"
               BlueprintIdentifier = "D211448417C129434F5F1B6E"
               BuildableName = "WasmKit.framework"
               BlueprintName = "WasmKit"
               ReferencedContainer = "container:Tuist/.build/tuist-derived/WasmKit/WasmKit.xcodeproj">
            </BuildableReference>
         </BuildActionEntry>
         <BuildActionEntry
            buildForTesting = "YES"
            buildForRunning = "YES"
            buildForProfiling = "YES"
            buildForArchiving = "YES"
            buildForAnalyzing = "YES">
            <BuildableReference
               BuildableIdentifier = "primary"
               BlueprintIdentifier = "5D308BE33644D166E13BE262"
               BuildableName = "WasmParser.framework"
               BlueprintName = "WasmParser"
               ReferencedContainer = "container:Tuist/.build/tuist-derived/WasmKit/WasmKit.xcodeproj">
            </BuildableReference>
         </BuildActionEntry>
         <BuildActionEntry
            buildForTesting = "YES"
            buildForRunning = "YES"
            buildForProfiling = "YES"
            buildForArchiving = "YES"
            buildForAnalyzing = "YES">
            <BuildableReference
               BuildableIdentifier = "primary"
               BlueprintIdentifier = "1F474304B2E07B83D89D0D64"
               BuildableName = "WasmTypes.framework"
               BlueprintName = "WasmTypes"
               ReferencedContainer = "container:Tuist/.build/tuist-derived/WasmKit/WasmKit.xcodeproj">
            </BuildableReference>
         </BuildActionEntry>
         <BuildActionEntry
            buildForTesting = "YES"
            buildForRunning = "YES"
            buildForProfiling = "YES"
            buildForArchiving = "YES"
            buildForAnalyzing = "YES">
            <BuildableReference
               BuildableIdentifier = "primary"
               BlueprintIdentifier = "1EDE7CE25FFD47A3F7A9E235"
               BuildableName = "_CWasmKit.framework"
               BlueprintName = "_CWasmKit"
               ReferencedContainer = "container:Tuist/.build/tuist-derived/WasmKit/WasmKit.xcodeproj">
            </BuildableReference>
         </BuildActionEntry>
      </BuildActionEntries>
   </BuildAction>
   <TestAction
      buildConfiguration = "Debug"
      selectedDebuggerIdentifier = "Xcode.DebuggerFoundation.Debugger.LLDB"
      selectedLauncherIdentifier = "Xcode.DebuggerFoundation.Launcher.LLDB"
      shouldUseLaunchSchemeArgsEnv = "YES">
      <Testables>
         <TestableReference
            skipped = "NO"
            parallelizable = "NO">
            <BuildableReference
               BuildableIdentifier = "primary"
               BlueprintIdentifier = "A66E47C23670B5FA0DA67D37"
               BuildableName = "CoreTests.xctest"
               BlueprintName = "CoreTests"
               ReferencedContainer = "container:Atlas.xcodeproj">
            </BuildableReference>
         </TestableReference>
         <TestableReference
            skipped = "NO"
            parallelizable = "NO">
            <BuildableReference
               BuildableIdentifier = "primary"
               BlueprintIdentifier = "7A844023E7D9F132F629D75A"
               BuildableName = "DiagnosticsTests.xctest"
               BlueprintName = "DiagnosticsTests"
               ReferencedContainer = "container:Atlas.xcodeproj">
            </BuildableReference>
         </TestableReference>
         <TestableReference
            skipped = "NO"
            parallelizable = "NO">
            <BuildableReference
               BuildableIdentifier = "primary"
               BlueprintIdentifier = "A205DFE32FDEC1F8CA73D11A"
               BuildableName = "DownloadsTests.xctest"
               BlueprintName = "DownloadsTests"
               ReferencedContainer = "container:Atlas.xcodeproj">
            </BuildableReference>
         </TestableReference>
         <TestableReference
            skipped = "NO"
            parallelizable = "NO">
            <BuildableReference
               BuildableIdentifier = "primary"
               BlueprintIdentifier = "408B61E55B553B2CE85279B9"
               BuildableName = "LibraryTests.xctest"
               BlueprintName = "LibraryTests"
               ReferencedContainer = "container:Atlas.xcodeproj">
            </BuildableReference>
         </TestableReference>
         <TestableReference
            skipped = "NO"
            parallelizable = "NO">
            <BuildableReference
               BuildableIdentifier = "primary"
               BlueprintIdentifier = "ABC9E66A8034A25FE551C7D2"
               BuildableName = "NetworkingTests.xctest"
               BlueprintName = "NetworkingTests"
               ReferencedContainer = "container:Atlas.xcodeproj">
            </BuildableReference>
         </TestableReference>
         <TestableReference
            skipped = "NO"
            parallelizable = "NO">
            <BuildableReference
               BuildableIdentifier = "primary"
               BlueprintIdentifier = "818F49F406B5537B52434BA2"
               BuildableName = "PersistenceTests.xctest"
               BlueprintName = "PersistenceTests"
               ReferencedContainer = "container:Atlas.xcodeproj">
            </BuildableReference>
         </TestableReference>
         <TestableReference
            skipped = "NO"
            parallelizable = "NO">
            <BuildableReference
               BuildableIdentifier = "primary"
               BlueprintIdentifier = "0EF43807657D9463EB68A9E2"
               BuildableName = "ReaderTests.xctest"
               BlueprintName = "ReaderTests"
               ReferencedContainer = "container:Atlas.xcodeproj">
            </BuildableReference>
         </TestableReference>
         <TestableReference
            skipped = "NO"
            parallelizable = "NO">
            <BuildableReference
               BuildableIdentifier = "primary"
               BlueprintIdentifier = "271A1AF442F5F0FB118E8464"
               BuildableName = "SettingsTests.xctest"
               BlueprintName = "SettingsTests"
               ReferencedContainer = "container:Atlas.xcodeproj">
            </BuildableReference>
         </TestableReference>
         <TestableReference
            skipped = "NO"
            parallelizable = "NO">
            <BuildableReference
               BuildableIdentifier = "primary"
               BlueprintIdentifier = "E95AE671E4EA8D0F554C159D"
               BuildableName = "SourceRegistryTests.xctest"
               BlueprintName = "SourceRegistryTests"
               ReferencedContainer = "container:Atlas.xcodeproj">
            </BuildableReference>
         </TestableReference>
         <TestableReference
            skipped = "NO"
            parallelizable = "NO">
            <BuildableReference
               BuildableIdentifier = "primary"
               BlueprintIdentifier = "F0BF6572B269A01F62ACF738"
               BuildableName = "SourceRuntimeTests.xctest"
               BlueprintName = "SourceRuntimeTests"
               ReferencedContainer = "container:Atlas.xcodeproj">
            </BuildableReference>
         </TestableReference>
         <TestableReference
            skipped = "NO"
            parallelizable = "NO">
            <BuildableReference
               BuildableIdentifier = "primary"
               BlueprintIdentifier = "7728C4D9E6A347B23A2BB748"
               BuildableName = "SourcesTests.xctest"
               BlueprintName = "SourcesTests"
               ReferencedContainer = "container:Atlas.xcodeproj">
            </BuildableReference>
         </TestableReference>
      </Testables>
   </TestAction>
   <LaunchAction
      buildConfiguration = "Debug"
      selectedDebuggerIdentifier = "Xcode.DebuggerFoundation.Debugger.LLDB"
      selectedLauncherIdentifier = "Xcode.DebuggerFoundation.Launcher.LLDB"
      launchStyle = "0"
      useCustomWorkingDirectory = "NO"
      ignoresPersistentStateOnLaunch = "NO"
      debugDocumentVersioning = "YES"
      debugServiceExtension = "internal"
      allowLocationSimulation = "YES">
      <BuildableProductRunnable
         runnableDebuggingMode = "0">
         <BuildableReference
            BuildableIdentifier = "primary"
            BlueprintIdentifier = "DDBFC1371CC7163D58B9DB85"
            BuildableName = "App.app"
            BlueprintName = "App"
            ReferencedContainer = "container:Atlas.xcodeproj">
         </BuildableReference>
      </BuildableProductRunnable>
   </LaunchAction>
   <ProfileAction
      buildConfiguration = "Release"
      shouldUseLaunchSchemeArgsEnv = "YES"
      savedToolIdentifier = ""
      useCustomWorkingDirectory = "NO"
      debugDocumentVersioning = "YES">
      <BuildableProductRunnable
         runnableDebuggingMode = "0">
         <BuildableReference
            BuildableIdentifier = "primary"
            BlueprintIdentifier = "DDBFC1371CC7163D58B9DB85"
            BuildableName = "App.app"
            BlueprintName = "App"
            ReferencedContainer = "container:Atlas.xcodeproj">
         </BuildableReference>
      </BuildableProductRunnable>
   </ProfileAction>
   <AnalyzeAction
      buildConfiguration = "Debug">
   </AnalyzeAction>
   <ArchiveAction
      buildConfiguration = "Release"
      revealArchiveInOrganizer = "YES">
   </ArchiveAction>
</Scheme>
